NeoBundleLock FastFold cb3072fb969c2f01b6ac8b2a77e7fde1fb94466b
NeoBundleLock GoldenView.Vim 31af855bd56efe349ef2b8feff5114c8dca734da
NeoBundleLock YouCompleteMe 4436d515d38e9e6d0859d5e96218beaaf36c884b
NeoBundleLock ag.vim e70e049bfd1f4dce1d55881c4eee3e4320121cfc
NeoBundleLock clever-f.vim 69fa2379279f041a8f0e8dcef2ebb9b0cb6e4450
NeoBundleLock ctrlp.vim b5d3fe66a58a13d2ff8b6391f4387608496a030f
NeoBundleLock delimitMate 470c053a3ba673007a85237a1ac8415428fd8446
NeoBundleLock emmet-vim c6e11d22dc9c66a727619362097e97f4c80c53ae
NeoBundleLock neobundle.vim b9ce3904b44af0907c3621a172a0ee5c31a5556f
NeoBundleLock nerdtree 3b98a7fcae8f9fff356907171f0406ff8cd28921
NeoBundleLock python-mode 9c8468e83232c3e45b730d2d0b28d609053dec05
NeoBundleLock syntastic 6b76c26cbaa2565387b62c7a7af9a56402dcf297
NeoBundleLock tabular 60f25648814f0695eeb6c1040d97adca93c4e0bb
NeoBundleLock tagbar 00dfa82b00e734b453153564efeec933c48087f0
NeoBundleLock tcomment_vim 2a7fa3b98d7538017f2b2068b8c2661ef884de47
NeoBundleLock tern_for_vim c677b663adc1e34f4419c70f278dc78d017e673b
NeoBundleLock tmuxline.vim 1e638ef6b2673130db123f25b1ae1160c5289bb8
NeoBundleLock vim-abolish 665bed73aded4049a6d9bdaf3c87ee69af983abb
NeoBundleLock vim-airline 446397e006d8cba9e1ac38d8c656ba39218c139b
NeoBundleLock vim-bookmarks edcbe902da42bffe5ac833e00cef1168b58cd4cf
NeoBundleLock vim-colors-solarized 528a59f26d12278698bb946f8fb82a63711eec21
NeoBundleLock vim-css3-syntax a292f07fbfaff7f11969b6411e4d8e602da9544e
NeoBundleLock vim-dispatch 77455b92048bb00fef752be1218a174a05d0c2b6
NeoBundleLock vim-easymotion 9ceebf91fc137644cf0693561a386ef4071dbf87
NeoBundleLock vim-fugitive 933f6a1e1df549564062f936bd1c836d28cf1676
NeoBundleLock vim-gitgutter e5efbaffc066ababc9ae0d689c7050fa5d6591bd
NeoBundleLock vim-go 26e4832155b4a8bcdcab4fbc0cf357a58c463390
NeoBundleLock vim-indent-guides eec1b629dc4cfa3986d20f21d4b4489732cd3f5a
NeoBundleLock vim-javascript 10b0c75fde1cdf75ca2f270daf7db0c6e1c66cd0
NeoBundleLock vim-over 1e64e0947087e7e28be0cc6e93214af055c6701b
NeoBundleLock vim-repeat b06684a19549a45c91f36dc47dc55525e4c9c994
NeoBundleLock vim-surround fa433e0b7330753688f715f3be5d10dc480f20e5
NeoBundleLock vim-virtualenv 19ee05a3464f3762f602c88fe2bcef7cabf78a01
NeoBundleLock vimproc.vim 04b45cd80f48f66daed04a1a48a7ea4e7d316086
